
Microsoft Visual Studio Solution File, Format Version 12.00
# Visual Studio 15
VisualStudioVersion = 15.0.28307.168
MinimumVisualStudioVersion = 10.0.40219.1
Project("{FAE04EC0-301F-11D3-BF4B-00C04F79EFBC}") = "Patrimonio.API", "Patrimonio.API\Patrimonio.API.csproj", "{91836633-4545-47DE-BE34-D97254BE3B93}"
EndProject
Project("{FAE04EC0-301F-11D3-BF4B-00C04F79EFBC}") = "Patrimonio.Business", "Patrimonio.Business\Patrimonio.Business.csproj", "{BAA9AD9A-3EC5-42BB-806A-FA8AAA320E23}"
EndProject
Project("{FAE04EC0-301F-11D3-BF4B-00C04F79EFBC}") = "Patrimonio.DataAccess", "Patrimonio.DataAccess\Patrimonio.DataAccess.csproj", "{271EA925-EFA3-445B-9959-4E6F0B1E0519}"
EndProject
Project("{FAE04EC0-301F-11D3-BF4B-00C04F79EFBC}") = "Patrimonio.IoC", "Patrimonio.IoC\Patrimonio.IoC.csproj", "{3F92922F-94B0-4A5A-BD3C-FBD8708FEE52}"
EndProject
Global
	GlobalSection(SolutionConfigurationPlatforms) = preSolution
		Debug|Any CPU = Debug|Any CPU
		Release|Any CPU = Release|Any CPU
	EndGlobalSection
	GlobalSection(ProjectConfigurationPlatforms) = postSolution
		{91836633-4545-47DE-BE34-D97254BE3B93}.Debug|Any CPU.ActiveCfg = Debug|Any CPU
		{91836633-4545-47DE-BE34-D97254BE3B93}.Debug|Any CPU.Build.0 = Debug|Any CPU
		{91836633-4545-47DE-BE34-D97254BE3B93}.Release|Any CPU.ActiveCfg = Release|Any CPU
		{91836633-4545-47DE-BE34-D97254BE3B93}.Release|Any CPU.Build.0 = Release|Any CPU
		{BAA9AD9A-3EC5-42BB-806A-FA8AAA320E23}.Debug|Any CPU.ActiveCfg = Debug|Any CPU
		{BAA9AD9A-3EC5-42BB-806A-FA8AAA320E23}.Debug|Any CPU.Build.0 = Debug|Any CPU
		{BAA9AD9A-3EC5-42BB-806A-FA8AAA320E23}.Release|Any CPU.ActiveCfg = Release|Any CPU
		{BAA9AD9A-3EC5-42BB-806A-FA8AAA320E23}.Release|Any CPU.Build.0 = Release|Any CPU
		{271EA925-EFA3-445B-9959-4E6F0B1E0519}.Debug|Any CPU.ActiveCfg = Debug|Any CPU
		{271EA925-EFA3-445B-9959-4E6F0B1E0519}.Debug|Any CPU.Build.0 = Debug|Any CPU
		{271EA925-EFA3-445B-9959-4E6F0B1E0519}.Release|Any CPU.ActiveCfg = Release|Any CPU
		{271EA925-EFA3-445B-9959-4E6F0B1E0519}.Release|Any CPU.Build.0 = Release|Any CPU
		{3F92922F-94B0-4A5A-BD3C-FBD8708FEE52}.Debug|Any CPU.ActiveCfg = Debug|Any CPU
		{3F92922F-94B0-4A5A-BD3C-FBD8708FEE52}.Debug|Any CPU.Build.0 = Debug|Any CPU
		{3F92922F-94B0-4A5A-BD3C-FBD8708FEE52}.Release|Any CPU.ActiveCfg = Release|Any CPU
		{3F92922F-94B0-4A5A-BD3C-FBD8708FEE52}.Release|Any CPU.Build.0 = Release|Any CPU
	EndGlobalSection
	GlobalSection(SolutionProperties) = preSolution
		HideSolutionNode = FALSE
	EndGlobalSection
	GlobalSection(ExtensibilityGlobals) = postSolution
		SolutionGuid = {F5F8EF03-83D8-4588-ABBD-C8F3DB157D3E}
	EndGlobalSection
EndGlobal
